
Microsoft Visual Studio Solution File, Format Version 12.00
# Visual Studio 15
VisualStudioVersion = 15.0.27703.1
MinimumVisualStudioVersion = 10.0.40219.1
Project("{FAE04EC0-301F-11D3-BF4B-00C04F79EFBC}") = "nullable", "nullable\nullable.csproj", "{56ECB9AE-49B4-4F64-8279-2897283E86E2}"
EndProject
Global
	GlobalSection(SolutionConfigurationPlatforms) = preSolution
		Debug|Any CPU = Debug|Any CPU
		Release|Any CPU = Release|Any CPU
	EndGlobalSection
	GlobalSection(ProjectConfigurationPlatforms) = postSolution
		{56ECB9AE-49B4-4F64-8279-2897283E86E2}.Debug|Any CPU.ActiveCfg = Debug|Any CPU
		{56ECB9AE-49B4-4F64-8279-2897283E86E2}.Debug|Any CPU.Build.0 = Debug|Any CPU
		{56ECB9AE-49B4-4F64-8279-2897283E86E2}.Release|Any CPU.ActiveCfg = Release|Any CPU
		{56ECB9AE-49B4-4F64-8279-2897283E86E2}.Release|Any CPU.Build.0 = Release|Any CPU
	EndGlobalSection
	GlobalSection(SolutionProperties) = preSolution
		HideSolutionNode = FALSE
	EndGlobalSection
	GlobalSection(ExtensibilityGlobals) = postSolution
		SolutionGuid = {329DC2D1-E4D7-4636-B85F-A1DDE83D4534}
	EndGlobalSection
EndGlobal
