
Microsoft Visual Studio Solution File, Format Version 12.00
# Visual Studio 14
VisualStudioVersion = 14.0.25420.1
MinimumVisualStudioVersion = 10.0.40219.1
Project("{FAE04EC0-301F-11D3-BF4B-00C04F79EFBC}") = "delegate", "delegate.csproj", "{DA523473-D36E-4374-BFFF-7E854196C4DD}"
EndProject
Global
	GlobalSection(SolutionConfigurationPlatforms) = preSolution
		Debug|Any CPU = Debug|Any CPU
		Release|Any CPU = Release|Any CPU
	EndGlobalSection
	GlobalSection(ProjectConfigurationPlatforms) = postSolution
		{DA523473-D36E-4374-BFFF-7E854196C4DD}.Debug|Any CPU.ActiveCfg = Debug|Any CPU
		{DA523473-D36E-4374-BFFF-7E854196C4DD}.Debug|Any CPU.Build.0 = Debug|Any CPU
		{DA523473-D36E-4374-BFFF-7E854196C4DD}.Release|Any CPU.ActiveCfg = Release|Any CPU
		{DA523473-D36E-4374-BFFF-7E854196C4DD}.Release|Any CPU.Build.0 = Release|Any CPU
	EndGlobalSection
	GlobalSection(SolutionProperties) = preSolution
		HideSolutionNode = FALSE
	EndGlobalSection
EndGlobal
