
Microsoft Visual Studio Solution File, Format Version 12.00
# Visual Studio 14
VisualStudioVersion = 14.0.25420.1
MinimumVisualStudioVersion = 10.0.40219.1
Project("{FAE04EC0-301F-11D3-BF4B-00C04F79EFBC}") = "Partial Class - Parçalı Sınıflar", "Partial Class - Parçalı Sınıflar.csproj", "{3B46E07A-B501-4B8C-8365-66921336E79F}"
EndProject
Global
	GlobalSection(SolutionConfigurationPlatforms) = preSolution
		Debug|Any CPU = Debug|Any CPU
		Release|Any CPU = Release|Any CPU
	EndGlobalSection
	GlobalSection(ProjectConfigurationPlatforms) = postSolution
		{3B46E07A-B501-4B8C-8365-66921336E79F}.Debug|Any CPU.ActiveCfg = Debug|Any CPU
		{3B46E07A-B501-4B8C-8365-66921336E79F}.Debug|Any CPU.Build.0 = Debug|Any CPU
		{3B46E07A-B501-4B8C-8365-66921336E79F}.Release|Any CPU.ActiveCfg = Release|Any CPU
		{3B46E07A-B501-4B8C-8365-66921336E79F}.Release|Any CPU.Build.0 = Release|Any CPU
	EndGlobalSection
	GlobalSection(SolutionProperties) = preSolution
		HideSolutionNode = FALSE
	EndGlobalSection
EndGlobal
