
Microsoft Visual Studio Solution File, Format Version 12.00
# Visual Studio 15
VisualStudioVersion = 15.0.27703.1
MinimumVisualStudioVersion = 10.0.40219.1
Project("{FAE04EC0-301F-11D3-BF4B-00C04F79EFBC}") = "enum gelişmiş 1", "enum gelişmiş 1\enum gelişmiş 1.csproj", "{521A8A3B-A9C3-43B2-ABAF-2F0260C0222A}"
EndProject
Global
	GlobalSection(SolutionConfigurationPlatforms) = preSolution
		Debug|Any CPU = Debug|Any CPU
		Release|Any CPU = Release|Any CPU
	EndGlobalSection
	GlobalSection(ProjectConfigurationPlatforms) = postSolution
		{521A8A3B-A9C3-43B2-ABAF-2F0260C0222A}.Debug|Any CPU.ActiveCfg = Debug|Any CPU
		{521A8A3B-A9C3-43B2-ABAF-2F0260C0222A}.Debug|Any CPU.Build.0 = Debug|Any CPU
		{521A8A3B-A9C3-43B2-ABAF-2F0260C0222A}.Release|Any CPU.ActiveCfg = Release|Any CPU
		{521A8A3B-A9C3-43B2-ABAF-2F0260C0222A}.Release|Any CPU.Build.0 = Release|Any CPU
	EndGlobalSection
	GlobalSection(SolutionProperties) = preSolution
		HideSolutionNode = FALSE
	EndGlobalSection
	GlobalSection(ExtensibilityGlobals) = postSolution
		SolutionGuid = {76FD92FF-AD06-4EF6-B715-34A51BEA788B}
	EndGlobalSection
EndGlobal
